
Microsoft Visual Studio Solution File, Format Version 12.00
# Visual Studio Version 16
VisualStudioVersion = 16.0.31129.286
MinimumVisualStudioVersion = 10.0.40219.1
Project("{FAE04EC0-301F-11D3-BF4B-00C04F79EFBC}") = "VendorFriendFrontend", "VendorFriendFrontend\VendorFriendFrontend.csproj", "{AB5CC575-8D70-4589-91BA-EF619C4480B1}"
EndProject
Global
	GlobalSection(SolutionConfigurationPlatforms) = preSolution
		Debug|Any CPU = Debug|Any CPU
		Release|Any CPU = Release|Any CPU
	EndGlobalSection
	GlobalSection(ProjectConfigurationPlatforms) = postSolution
		{AB5CC575-8D70-4589-91BA-EF619C4480B1}.Debug|Any CPU.ActiveCfg = Debug|Any CPU
		{AB5CC575-8D70-4589-91BA-EF619C4480B1}.Debug|Any CPU.Build.0 = Debug|Any CPU
		{AB5CC575-8D70-4589-91BA-EF619C4480B1}.Release|Any CPU.ActiveCfg = Release|Any CPU
		{AB5CC575-8D70-4589-91BA-EF619C4480B1}.Release|Any CPU.Build.0 = Release|Any CPU
	EndGlobalSection
	GlobalSection(SolutionProperties) = preSolution
		HideSolutionNode = FALSE
	EndGlobalSection
	GlobalSection(ExtensibilityGlobals) = postSolution
		SolutionGuid = {941914C0-CE76-48A3-A72E-021C304EEE01}
	EndGlobalSection
EndGlobal
